// !$*UTF8*$!
{
	archiveVersion = 1;
	classes = {
	};
	objectVersion = 50;
	objects = {

/* Begin PBXBuildFile section */
		DD9EE94D25CBE4D90083071B /* AppDelegate.m in Sources */ = {isa = PBXBuildFile; fileRef = DD9EE94C25CBE4D90083071B /* AppDelegate.m */; };
		DD9EE95025CBE4D90083071B /* SceneDelegate.m in Sources */ = {isa = PBXBuildFile; fileRef = DD9EE94F25CBE4D90083071B /* SceneDelegate.m */; };
		DD9EE95325CBE4D90083071B /* ViewController.m in Sources */ = {isa = PBXBuildFile; fileRef = DD9EE95225CBE4D90083071B /* ViewController.m */; };
		DD9EE95625CBE4D90083071B /* Main.storyboard in Resources */ = {isa = PBXBuildFile; fileRef = DD9EE95425CBE4D90083071B /* Main.storyboard */; };
		DD9EE95825CBE4DD0083071B /* Assets.xcassets in Resources */ = {isa = PBXBuildFile; fileRef = DD9EE95725CBE4DD0083071B /* Assets.xcassets */; };
		DD9EE95B25CBE4DD0083071B /* LaunchScreen.storyboard in Resources */ = {isa = PBXBuildFile; fileRef = DD9EE95925CBE4DD0083071B /* LaunchScreen.storyboard */; };
		DD9EE95E25CBE4DD0083071B /* main.m in Sources */ = {isa = PBXBuildFile; fileRef = DD9EE95D25CBE4DD0083071B /* main.m */; };
		DD9EE96825CBE4DE0083071B /* BHTestTests.m in Sources */ = {isa = PBXBuildFile; fileRef = DD9EE96725CBE4DE0083071B /* BHTestTests.m */; };
		DD9EE97325CBE4DE0083071B /* BHTestUITests.m in Sources */ = {isa = PBXBuildFile; fileRef = DD9EE97225CBE4DE0083071B /* BHTestUITests.m */; };
/* End PBXBuildFile section */

/* Begin PBXContainerItemProxy section */
		DD9EE96425CBE4DE0083071B /* PBXContainerItemProxy */ = {
			isa = PBXContainerItemProxy;
			containerPortal = DD9EE94025CBE4D90083071B /* Project object */;
			proxyType = 1;
			remoteGlobalIDString = DD9EE94725CBE4D90083071B;
			remoteInfo = BHTest;
		};
		DD9EE96F25CBE4DE0083071B /* PBXContainerItemProxy */ = {
			isa = PBXContainerItemProxy;
			containerPortal = DD9EE94025CBE4D90083071B /* Project object */;
			proxyType = 1;
			remoteGlobalIDString = DD9EE94725CBE4D90083071B;
			remoteInfo = BHTest;
		};
/* End PBXContainerItemProxy section */

/* Begin PBXFileReference section */
		DD9EE94825CBE4D90083071B /* BHTest.app */ = {isa = PBXFileReference; explicitFileType = wrapper.application; includeInIndex = 0; path = BHTest.app; sourceTree = BUILT_PRODUCTS_DIR; };
		DD9EE94B25CBE4D90083071B /* AppDelegate.h */ = {isa = PBXFileReference; lastKnownFileType = sourcecode.c.h; path = AppDelegate.h; sourceTree = "<group>"; };
		DD9EE94C25CBE4D90083071B /* AppDelegate.m */ = {isa = PBXFileReference; lastKnownFileType = sourcecode.c.objc; path = AppDelegate.m; sourceTree = "<group>"; };
		DD9EE94E25CBE4D90083071B /* SceneDelegate.h */ = {isa = PBXFileReference; lastKnownFileType = sourcecode.c.h; path = SceneDelegate.h; sourceTree = "<group>"; };
		DD9EE94F25CBE4D90083071B /* SceneDelegate.m */ = {isa = PBXFileReference; lastKnownFileType = sourcecode.c.objc; path = SceneDelegate.m; sourceTree = "<group>"; };
		DD9EE95125CBE4D90083071B /* ViewController.h */ = {isa = PBXFileReference; lastKnownFileType = sourcecode.c.h; path = ViewController.h; sourceTree = "<group>"; };
		DD9EE95225CBE4D90083071B /* ViewController.m */ = {isa = PBXFileReference; lastKnownFileType = sourcecode.c.objc; path = ViewController.m; sourceTree = "<group>"; };
		DD9EE95525CBE4D90083071B /* Base */ = {isa = PBXFileReference; lastKnownFileType = file.storyboard; name = Base; path = Base.lproj/Main.storyboard; sourceTree = "<group>"; };
		DD9EE95725CBE4DD0083071B /* Assets.xcassets */ = {isa = PBXFileReference; lastKnownFileType = folder.assetcatalog; path = Assets.xcassets; sourceTree = "<group>"; };
		DD9EE95A25CBE4DD0083071B /* Base */ = {isa = PBXFileReference; lastKnownFileType = file.storyboard; name = Base; path = Base.lproj/LaunchScreen.storyboard; sourceTree = "<group>"; };
		DD9EE95C25CBE4DD0083071B /* Info.plist */ = {isa = PBXFileReference; lastKnownFileType = text.plist.xml; path = Info.plist; sourceTree = "<group>"; };
		DD9EE95D25CBE4DD0083071B /* main.m */ = {isa = PBXFileReference; lastKnownFileType = sourcecode.c.objc; path = main.m; sourceTree = "<group>"; };
		DD9EE96325CBE4DE0083071B /* BHTestTests.xctest */ = {isa = PBXFileReference; explicitFileType = wrapper.cfbundle; includeInIndex = 0; path = BHTestTests.xctest; sourceTree = BUILT_PRODUCTS_DIR; };
		DD9EE96725CBE4DE0083071B /* BHTestTests.m */ = {isa = PBXFileReference; lastKnownFileType = sourcecode.c.objc; path = BHTestTests.m; sourceTree = "<group>"; };
		DD9EE96925CBE4DE0083071B /* Info.plist */ = {isa = PBXFileReference; lastKnownFileType = text.plist.xml; path = Info.plist; sourceTree = "<group>"; };
		DD9EE96E25CBE4DE0083071B /* BHTestUITests.xctest */ = {isa = PBXFileReference; explicitFileType = wrapper.cfbundle; includeInIndex = 0; path = BHTestUITests.xctest; sourceTree = BUILT_PRODUCTS_DIR; };
		DD9EE97225CBE4DE0083071B /* BHTestUITests.m */ = {isa = PBXFileReference; lastKnownFileType = sourcecode.c.objc; path = BHTestUITests.m; sourceTree = "<group>"; };
		DD9EE97425CBE4DE0083071B /* Info.plist */ = {isa = PBXFileReference; lastKnownFileType = text.plist.xml; path = Info.plist; sourceTree = "<group>"; };
/* End PBXFileReference section */

/* Begin PBXFrameworksBuildPhase section */
		DD9EE94525CBE4D90083071B /* Frameworks */ = {
			isa = PBXFrameworksBuildPhase;
			buildActionMask = 2147483647;
			files = (
			);
			runOnlyForDeploymentPostprocessing = 0;
		};
		DD9EE96025CBE4DE0083071B /* Frameworks */ = {
			isa = PBXFrameworksBuildPhase;
			buildActionMask = 2147483647;
			files = (
			);
			runOnlyForDeploymentPostprocessing = 0;
		};
		DD9EE96B25CBE4DE0083071B /* Frameworks */ = {
			isa = PBXFrameworksBuildPhase;
			buildActionMask = 2147483647;
			files = (
			);
			runOnlyForDeploymentPostprocessing = 0;
		};
/* End PBXFrameworksBuildPhase section */

/* Begin PBXGroup section */
		DD9EE93F25CBE4D90083071B = {
			isa = PBXGroup;
			children = (
				DD9EE94A25CBE4D90083071B /* BHTest */,
				DD9EE96625CBE4DE0083071B /* BHTestTests */,
				DD9EE97125CBE4DE0083071B /* BHTestUITests */,
				DD9EE94925CBE4D90083071B /* Products */,
			);
			sourceTree = "<group>";
		};
		DD9EE94925CBE4D90083071B /* Products */ = {
			isa = PBXGroup;
			children = (
				DD9EE94825CBE4D90083071B /* BHTest.app */,
				DD9EE96325CBE4DE0083071B /* BHTestTests.xctest */,
				DD9EE96E25CBE4DE0083071B /* BHTestUITests.xctest */,
			);
			name = Products;
			sourceTree = "<group>";
		};
		DD9EE94A25CBE4D90083071B /* BHTest */ = {
			isa = PBXGroup;
			children = (
				DD9EE94B25CBE4D90083071B /* AppDelegate.h */,
				DD9EE94C25CBE4D90083071B /* AppDelegate.m */,
				DD9EE94E25CBE4D90083071B /* SceneDelegate.h */,
				DD9EE94F25CBE4D90083071B /* SceneDelegate.m */,
				DD9EE95125CBE4D90083071B /* ViewController.h */,
				DD9EE95225CBE4D90083071B /* ViewController.m */,
				DD9EE95425CBE4D90083071B /* Main.storyboard */,
				DD9EE95725CBE4DD0083071B /* Assets.xcassets */,
				DD9EE95925CBE4DD0083071B /* LaunchScreen.storyboard */,
				DD9EE95C25CBE4DD0083071B /* Info.plist */,
				DD9EE95D25CBE4DD0083071B /* main.m */,
			);
			path = BHTest;
			sourceTree = "<group>";
		};
		DD9EE96625CBE4DE0083071B /* BHTestTests */ = {
			isa = PBXGroup;
			children = (
				DD9EE96725CBE4DE0083071B /* BHTestTests.m */,
				DD9EE96925CBE4DE0083071B /* Info.plist */,
			);
			path = BHTestTests;
			sourceTree = "<group>";
		};
		DD9EE97125CBE4DE0083071B /* BHTestUITests */ = {
			isa = PBXGroup;
			children = (
				DD9EE97225CBE4DE0083071B /* BHTestUITests.m */,
				DD9EE97425CBE4DE0083071B /* Info.plist */,
			);
			path = BHTestUITests;
			sourceTree = "<group>";
		};
/* End PBXGroup section */

/* Begin PBXNativeTarget section */
		DD9EE94725CBE4D90083071B /* BHTest */ = {
			isa = PBXNativeTarget;
			buildConfigurationList = DD9EE97725CBE4DE0083071B /* Build configuration list for PBXNativeTarget "BHTest" */;
			buildPhases = (
				DD9EE94425CBE4D90083071B /* Sources */,
				DD9EE94525CBE4D90083071B /* Frameworks */,
				DD9EE94625CBE4D90083071B /* Resources */,
			);
			buildRules = (
			);
			dependencies = (
			);
			name = BHTest;
			productName = BHTest;
			productReference = DD9EE94825CBE4D90083071B /* BHTest.app */;
			productType = "com.apple.product-type.application";
		};
		DD9EE96225CBE4DE0083071B /* BHTestTests */ = {
			isa = PBXNativeTarget;
			buildConfigurationList = DD9EE97A25CBE4DE0083071B /* Build configuration list for PBXNativeTarget "BHTestTests" */;
			buildPhases = (
				DD9EE95F25CBE4DE0083071B /* Sources */,
				DD9EE96025CBE4DE0083071B /* Frameworks */,
				DD9EE96125CBE4DE0083071B /* Resources */,
			);
			buildRules = (
			);
			dependencies = (
				DD9EE96525CBE4DE0083071B /* PBXTargetDependency */,
			);
			name = BHTestTests;
			productName = BHTestTests;
			productReference = DD9EE96325CBE4DE0083071B /* BHTestTests.xctest */;
			productType = "com.apple.product-type.bundle.unit-test";
		};
		DD9EE96D25CBE4DE0083071B /* BHTestUITests */ = {
			isa = PBXNativeTarget;
			buildConfigurationList = DD9EE97D25CBE4DE0083071B /* Build configuration list for PBXNativeTarget "BHTestUITests" */;
			buildPhases = (
				DD9EE96A25CBE4DE0083071B /* Sources */,
				DD9EE96B25CBE4DE0083071B /* Frameworks */,
				DD9EE96C25CBE4DE0083071B /* Resources */,
			);
			buildRules = (
			);
			dependencies = (
				DD9EE97025CBE4DE0083071B /* PBXTargetDependency */,
			);
			name = BHTestUITests;
			productName = BHTestUITests;
			productReference = DD9EE96E25CBE4DE0083071B /* BHTestUITests.xctest */;
			productType = "com.apple.product-type.bundle.ui-testing";
		};
/* End PBXNativeTarget section */

/* Begin PBXProject section */
		DD9EE94025CBE4D90083071B /* Project object */ = {
			isa = PBXProject;
			attributes = {
				LastUpgradeCheck = 1230;
				TargetAttributes = {
					DD9EE94725CBE4D90083071B = {
						CreatedOnToolsVersion = 12.3;
					};
					DD9EE96225CBE4DE0083071B = {
						CreatedOnToolsVersion = 12.3;
						TestTargetID = DD9EE94725CBE4D90083071B;
					};
					DD9EE96D25CBE4DE0083071B = {
						CreatedOnToolsVersion = 12.3;
						TestTargetID = DD9EE94725CBE4D90083071B;
					};
				};
			};
			buildConfigurationList = DD9EE94325CBE4D90083071B /* Build configuration list for PBXProject "BHTest" */;
			compatibilityVersion = "Xcode 9.3";
			developmentRegion = en;
			hasScannedForEncodings = 0;
			knownRegions = (
				en,
				Base,
			);
			mainGroup = DD9EE93F25CBE4D90083071B;
			productRefGroup = DD9EE94925CBE4D90083071B /* Products */;
			projectDirPath = "";
			projectRoot = "";
			targets = (
				DD9EE94725CBE4D90083071B /* BHTest */,
				DD9EE96225CBE4DE0083071B /* BHTestTests */,
				DD9EE96D25CBE4DE0083071B /* BHTestUITests */,
			);
		};
/* End PBXProject section */

/* Begin PBXResourcesBuildPhase section */
		DD9EE94625CBE4D90083071B /* Resources */ = {
			isa = PBXResourcesBuildPhase;
			buildActionMask = 2147483647;
			files = (
				DD9EE95B25CBE4DD0083071B /* LaunchScreen.storyboard in Resources */,
				DD9EE95825CBE4DD0083071B /* Assets.xcassets in Resources */,
				DD9EE95625CBE4D90083071B /* Main.storyboard in Resources */,
			);
			runOnlyForDeploymentPostprocessing = 0;
		};
		DD9EE96125CBE4DE0083071B /* Resources */ = {
			isa = PBXResourcesBuildPhase;
			buildActionMask = 2147483647;
			files = (
			);
			runOnlyForDeploymentPostprocessing = 0;
		};
		DD9EE96C25CBE4DE0083071B /* Resources */ = {
			isa = PBXResourcesBuildPhase;
			buildActionMask = 2147483647;
			files = (
			);
			runOnlyForDeploymentPostprocessing = 0;
		};
/* End PBXResourcesBuildPhase section */

/* Begin PBXSourcesBuildPhase section */
		DD9EE94425CBE4D90083071B /* Sources */ = {
			isa = PBXSourcesBuildPhase;
			buildActionMask = 2147483647;
			files = (
				DD9EE95325CBE4D90083071B /* ViewController.m in Sources */,
				DD9EE94D25CBE4D90083071B /* AppDelegate.m in Sources */,
				DD9EE95E25CBE4DD0083071B /* main.m in Sources */,
				DD9EE95025CBE4D90083071B /* SceneDelegate.m in Sources */,
			);
			runOnlyForDeploymentPostprocessing = 0;
		};
		DD9EE95F25CBE4DE0083071B /* Sources */ = {
			isa = PBXSourcesBuildPhase;
			buildActionMask = 2147483647;
			files = (
				DD9EE96825CBE4DE0083071B /* BHTestTests.m in Sources */,
			);
			runOnlyForDeploymentPostprocessing = 0;
		};
		DD9EE96A25CBE4DE0083071B /* Sources */ = {
			isa = PBXSourcesBuildPhase;
			buildActionMask = 2147483647;
			files = (
				DD9EE97325CBE4DE0083071B /* BHTestUITests.m in Sources */,
			);
			runOnlyForDeploymentPostprocessing = 0;
		};
/* End PBXSourcesBuildPhase section */

/* Begin PBXTargetDependency section */
		DD9EE96525CBE4DE0083071B /* PBXTargetDependency */ = {
			isa = PBXTargetDependency;
			target = DD9EE94725CBE4D90083071B /* BHTest */;
			targetProxy = DD9EE96425CBE4DE0083071B /* PBXContainerItemProxy */;
		};
		DD9EE97025CBE4DE0083071B /* PBXTargetDependency */ = {
			isa = PBXTargetDependency;
			target = DD9EE94725CBE4D90083071B /* BHTest */;
			targetProxy = DD9EE96F25CBE4DE0083071B /* PBXContainerItemProxy */;
		};
/* End PBXTargetDependency section */

/* Begin PBXVariantGroup section */
		DD9EE95425CBE4D90083071B /* Main.storyboard */ = {
			isa = PBXVariantGroup;
			children = (
				DD9EE95525CBE4D90083071B /* Base */,
			);
			name = Main.storyboard;
			sourceTree = "<group>";
		};
		DD9EE95925CBE4DD0083071B /* LaunchScreen.storyboard */ = {
			isa = PBXVariantGroup;
			children = (
				DD9EE95A25CBE4DD0083071B /* Base */,
			);
			name = LaunchScreen.storyboard;
			sourceTree = "<group>";
		};
/* End PBXVariantGroup section */

/* Begin XCBuildConfiguration section */
		DD9EE97525CBE4DE0083071B /* Debug */ = {
			isa = XCBuildConfiguration;
			buildSettings = {
				ALWAYS_SEARCH_USER_PATHS = NO;
				CLANG_ANALYZER_NONNULL = YES;
				CLANG_ANALYZER_NUMBER_OBJECT_CONVERSION = YES_AGGRESSIVE;
				CLANG_CXX_LANGUAGE_STANDARD = "gnu++14";
				CLANG_CXX_LIBRARY = "libc++";
				CLANG_ENABLE_MODULES = YES;
				CLANG_ENABLE_OBJC_ARC = YES;
				CLANG_ENABLE_OBJC_WEAK = YES;
				CLANG_WARN_BLOCK_CAPTURE_AUTORELEASING = YES;
				CLANG_WARN_BOOL_CONVERSION = YES;
				CLANG_WARN_COMMA = YES;
				CLANG_WARN_CONSTANT_CONVERSION = YES;
				CLANG_WARN_DEPRECATED_OBJC_IMPLEMENTATIONS = YES;
				CLANG_WARN_DIRECT_OBJC_ISA_USAGE = YES_ERROR;
				CLANG_WARN_DOCUMENTATION_COMMENTS = YES;
				CLANG_WARN_EMPTY_BODY = YES;
				CLANG_WARN_ENUM_CONVERSION = YES;
				CLANG_WARN_INFINITE_RECURSION = YES;
				CLANG_WARN_INT_CONVERSION = YES;
				CLANG_WARN_NON_LITERAL_NULL_CONVERSION = YES;
				CLANG_WARN_OBJC_IMPLICIT_RETAIN_SELF = YES;
				CLANG_WARN_OBJC_LITERAL_CONVERSION = YES;
				CLANG_WARN_OBJC_ROOT_CLASS = YES_ERROR;
				CLANG_WARN_QUOTED_INCLUDE_IN_FRAMEWORK_HEADER = YES;
				CLANG_WARN_RANGE_LOOP_ANALYSIS = YES;
				CLANG_WARN_STRICT_PROTOTYPES = YES;
				CLANG_WARN_SUSPICIOUS_MOVE = YES;
				CLANG_WARN_UNGUARDED_AVAILABILITY = YES_AGGRESSIVE;
				CLANG_WARN_UNREACHABLE_CODE = YES;
				CLANG_WARN__DUPLICATE_METHOD_MATCH = YES;
				COPY_PHASE_STRIP = NO;
				DEBUG_INFORMATION_FORMAT = dwarf;
				ENABLE_STRICT_OBJC_MSGSEND = YES;
				ENABLE_TESTABILITY = YES;
				GCC_C_LANGUAGE_STANDARD = gnu11;
				GCC_DYNAMIC_NO_PIC = NO;
				GCC_NO_COMMON_BLOCKS = YES;
				GCC_OPTIMIZATION_LEVEL = 0;
				GCC_PREPROCESSOR_DEFINITIONS = (
					"DEBUG=1",
					"$(inherited)",
				);
				GCC_WARN_64_TO_32_BIT_CONVERSION = YES;
				GCC_WARN_ABOUT_RETURN_TYPE = YES_ERROR;
				GCC_WARN_UNDECLARED_SELECTOR = YES;
				GCC_WARN_UNINITIALIZED_AUTOS = YES_AGGRESSIVE;
				GCC_WARN_UNUSED_FUNCTION = YES;
				GCC_WARN_UNUSED_VARIABLE = YES;
				IPHONEOS_DEPLOYMENT_TARGET = 14.3;
				MTL_ENABLE_DEBUG_INFO = INCLUDE_SOURCE;
				MTL_FAST_MATH = YES;
				ONLY_ACTIVE_ARCH = YES;
				SDKROOT = iphoneos;
			};
			name = Debug;
		};
		DD9EE97625CBE4DE0083071B /* Release */ = {
			isa = XCBuildConfiguration;
			buildSettings = {
				ALWAYS_SEARCH_USER_PATHS = NO;
				CLANG_ANALYZER_NONNULL = YES;
				CLANG_ANALYZER_NUMBER_OBJECT_CONVERSION = YES_AGGRESSIVE;
				CLANG_CXX_LANGUAGE_STANDARD = "gnu++14";
				CLANG_CXX_LIBRARY = "libc++";
				CLANG_ENABLE_MODULES = YES;
				CLANG_ENABLE_OBJC_ARC = YES;
				CLANG_ENABLE_OBJC_WEAK = YES;
				CLANG_WARN_BLOCK_CAPTURE_AUTORELEASING = YES;
				CLANG_WARN_BOOL_CONVERSION = YES;
				CLANG_WARN_COMMA = YES;
				CLANG_WARN_CONSTANT_CONVERSION = YES;
				CLANG_WARN_DEPRECATED_OBJC_IMPLEMENTATIONS = YES;
				CLANG_WARN_DIRECT_OBJC_ISA_USAGE = YES_ERROR;
				CLANG_WARN_DOCUMENTATION_COMMENTS = YES;
				CLANG_WARN_EMPTY_BODY = YES;
				CLANG_WARN_ENUM_CONVERSION = YES;
				CLANG_WARN_INFINITE_RECURSION = YES;
				CLANG_WARN_INT_CONVERSION = YES;
				CLANG_WARN_NON_LITERAL_NULL_CONVERSION = YES;
				CLANG_WARN_OBJC_IMPLICIT_RETAIN_SELF = YES;
				CLANG_WARN_OBJC_LITERAL_CONVERSION = YES;
				CLANG_WARN_OBJC_ROOT_CLASS = YES_ERROR;
				CLANG_WARN_QUOTED_INCLUDE_IN_FRAMEWORK_HEADER = YES;
				CLANG_WARN_RANGE_LOOP_ANALYSIS = YES;
				CLANG_WARN_STRICT_PROTOTYPES = YES;
				CLANG_WARN_SUSPICIOUS_MOVE = YES;
				CLANG_WARN_UNGUARDED_AVAILABILITY = YES_AGGRESSIVE;
				CLANG_WARN_UNREACHABLE_CODE = YES;
				CLANG_WARN__DUPLICATE_METHOD_MATCH = YES;
				COPY_PHASE_STRIP = NO;
				DEBUG_INFORMATION_FORMAT = "dwarf-with-dsym";
				ENABLE_NS_ASSERTIONS = NO;
				ENABLE_STRICT_OBJC_MSGSEND = YES;
				GCC_C_LANGUAGE_STANDARD = gnu11;
				GCC_NO_COMMON_BLOCKS = YES;
				GCC_WARN_64_TO_32_BIT_CONVERSION = YES;
				GCC_WARN_ABOUT_RETURN_TYPE = YES_ERROR;
				GCC_WARN_UNDECLARED_SELECTOR = YES;
				GCC_WARN_UNINITIALIZED_AUTOS = YES_AGGRESSIVE;
				GCC_WARN_UNUSED_FUNCTION = YES;
				GCC_WARN_UNUSED_VARIABLE = YES;
				IPHONEOS_DEPLOYMENT_TARGET = 14.3;
				MTL_ENABLE_DEBUG_INFO = NO;
				MTL_FAST_MATH = YES;
				SDKROOT = iphoneos;
				VALIDATE_PRODUCT = YES;
			};
			name = Release;
		};
		DD9EE97825CBE4DE0083071B /* Debug */ = {
			isa = XCBuildConfiguration;
			buildSettings = {
				ASSETCATALOG_COMPILER_APPICON_NAME = AppIcon;
				ASSETCATALOG_COMPILER_GLOBAL_ACCENT_COLOR_NAME = AccentColor;
				CODE_SIGN_STYLE = Automatic;
				DEVELOPMENT_TEAM = APT3FRH682;
				INFOPLIST_FILE = BHTest/Info.plist;
				LD_RUNPATH_SEARCH_PATHS = (
					"$(inherited)",
					"@executable_path/Frameworks",
				);
				PRODUCT_BUNDLE_IDENTIFIER = bhtry.BHTest;
				PRODUCT_NAME = "$(TARGET_NAME)";
				TARGETED_DEVICE_FAMILY = "1,2";
			};
			name = Debug;
		};
		DD9EE97925CBE4DE0083071B /* Release */ = {
			isa = XCBuildConfiguration;
			buildSettings = {
				ASSETCATALOG_COMPILER_APPICON_NAME = AppIcon;
				ASSETCATALOG_COMPILER_GLOBAL_ACCENT_COLOR_NAME = AccentColor;
				CODE_SIGN_STYLE = Automatic;
				DEVELOPMENT_TEAM = APT3FRH682;
				INFOPLIST_FILE = BHTest/Info.plist;
				LD_RUNPATH_SEARCH_PATHS = (
					"$(inherited)",
					"@executable_path/Frameworks",
				);
				PRODUCT_BUNDLE_IDENTIFIER = bhtry.BHTest;
				PRODUCT_NAME = "$(TARGET_NAME)";
				TARGETED_DEVICE_FAMILY = "1,2";
			};
			name = Release;
		};
		DD9EE97B25CBE4DE0083071B /* Debug */ = {
			isa = XCBuildConfiguration;
			buildSettings = {
				BUNDLE_LOADER = "$(TEST_HOST)";
				CODE_SIGN_STYLE = Automatic;
				DEVELOPMENT_TEAM = APT3FRH682;
				INFOPLIST_FILE = BHTestTests/Info.plist;
				IPHONEOS_DEPLOYMENT_TARGET = 14.3;
				LD_RUNPATH_SEARCH_PATHS = (
					"$(inherited)",
					"@executable_path/Frameworks",
					"@loader_path/Frameworks",
				);
				PRODUCT_BUNDLE_IDENTIFIER = bhtry.BHTestTests;
				PRODUCT_NAME = "$(TARGET_NAME)";
				TARGETED_DEVICE_FAMILY = "1,2";
				TEST_HOST = "$(BUILT_PRODUCTS_DIR)/BHTest.app/BHTest";
			};
			name = Debug;
		};
		DD9EE97C25CBE4DE0083071B /* Release */ = {
			isa = XCBuildConfiguration;
			buildSettings = {
				BUNDLE_LOADER = "$(TEST_HOST)";
				CODE_SIGN_STYLE = Automatic;
				DEVELOPMENT_TEAM = APT3FRH682;
				INFOPLIST_FILE = BHTestTests/Info.plist;
				IPHONEOS_DEPLOYMENT_TARGET = 14.3;
				LD_RUNPATH_SEARCH_PATHS = (
					"$(inherited)",
					"@executable_path/Frameworks",
					"@loader_path/Frameworks",
				);
				PRODUCT_BUNDLE_IDENTIFIER = bhtry.BHTestTests;
				PRODUCT_NAME = "$(TARGET_NAME)";
				TARGETED_DEVICE_FAMILY = "1,2";
				TEST_HOST = "$(BUILT_PRODUCTS_DIR)/BHTest.app/BHTest";
			};
			name = Release;
		};
		DD9EE97E25CBE4DE0083071B /* Debug */ = {
			isa = XCBuildConfiguration;
			buildSettings = {
				CODE_SIGN_STYLE = Automatic;
				DEVELOPMENT_TEAM = APT3FRH682;
				INFOPLIST_FILE = BHTestUITests/Info.plist;
				LD_RUNPATH_SEARCH_PATHS = (
					"$(inherited)",
					"@executable_path/Frameworks",
					"@loader_path/Frameworks",
				);
				PRODUCT_BUNDLE_IDENTIFIER = bhtry.BHTestUITests;
				PRODUCT_NAME = "$(TARGET_NAME)";
				TARGETED_DEVICE_FAMILY = "1,2";
				TEST_TARGET_NAME = BHTest;
			};
			name = Debug;
		};
		DD9EE97F25CBE4DE0083071B /* Release */ = {
			isa = XCBuildConfiguration;
			buildSettings = {
				CODE_SIGN_STYLE = Automatic;
				DEVELOPMENT_TEAM = APT3FRH682;
				INFOPLIST_FILE = BHTestUITests/Info.plist;
				LD_RUNPATH_SEARCH_PATHS = (
					"$(inherited)",
					"@executable_path/Frameworks",
					"@loader_path/Frameworks",
				);
				PRODUCT_BUNDLE_IDENTIFIER = bhtry.BHTestUITests;
				PRODUCT_NAME = "$(TARGET_NAME)";
				TARGETED_DEVICE_FAMILY = "1,2";
				TEST_TARGET_NAME = BHTest;
			};
			name = Release;
		};
/* End XCBuildConfiguration section */

/* Begin XCConfigurationList section */
		DD9EE94325CBE4D90083071B /* Build configuration list for PBXProject "BHTest" */ = {
			isa = XCConfigurationList;
			buildConfigurations = (
				DD9EE97525CBE4DE0083071B /* Debug */,
				DD9EE97625CBE4DE0083071B /* Release */,
			);
			defaultConfigurationIsVisible = 0;
			defaultConfigurationName = Release;
		};
		DD9EE97725CBE4DE0083071B /* Build configuration list for PBXNativeTarget "BHTest" */ = {
			isa = XCConfigurationList;
			buildConfigurations = (
				DD9EE97825CBE4DE0083071B /* Debug */,
				DD9EE97925CBE4DE0083071B /* Release */,
			);
			defaultConfigurationIsVisible = 0;
			defaultConfigurationName = Release;
		};
		DD9EE97A25CBE4DE0083071B /* Build configuration list for PBXNativeTarget "BHTestTests" */ = {
			isa = XCConfigurationList;
			buildConfigurations = (
				DD9EE97B25CBE4DE0083071B /* Debug */,
				DD9EE97C25CBE4DE0083071B /* Release */,
			);
			defaultConfigurationIsVisible = 0;
			defaultConfigurationName = Release;
		};
		DD9EE97D25CBE4DE0083071B /* Build configuration list for PBXNativeTarget "BHTestUITests" */ = {
			isa = XCConfigurationList;
			buildConfigurations = (
				DD9EE97E25CBE4DE0083071B /* Debug */,
				DD9EE97F25CBE4DE0083071B /* Release */,
			);
			defaultConfigurationIsVisible = 0;
			defaultConfigurationName = Release;
		};
/* End XCConfigurationList section */
	};
	rootObject = DD9EE94025CBE4D90083071B /* Project object */;
}
